// !$*UTF8*$!
{
	archiveVersion = 1;
	classes = {
	};
	objectVersion = 46;
	objects = {

/* Begin PBXBuildFile section */
		49572F9A1985D09800679771 /* AppDelegate.swift in Sources */ = {isa = PBXBuildFile; fileRef = 49572F991985D09800679771 /* AppDelegate.swift */; };
		49572F9C1985D09800679771 /* ViewController.swift in Sources */ = {isa = PBXBuildFile; fileRef = 49572F9B1985D09800679771 /* ViewController.swift */; };
		49572F9F1985D09800679771 /* Main.storyboard in Resources */ = {isa = PBXBuildFile; fileRef = 49572F9D1985D09800679771 /* Main.storyboard */; };
		49572FA11985D09800679771 /* Images.xcassets in Resources */ = {isa = PBXBuildFile; fileRef = 49572FA01985D09800679771 /* Images.xcassets */; };
		49572FAD1985D09800679771 /* DockerClientTests.swift in Sources */ = {isa = PBXBuildFile; fileRef = 49572FAC1985D09800679771 /* DockerClientTests.swift */; };
/* End PBXBuildFile section */

/* Begin PBXContainerItemProxy section */
		49572FA71985D09800679771 /* PBXContainerItemProxy */ = {
			isa = PBXContainerItemProxy;
			containerPortal = 49572F8C1985D09700679771 /* Project object */;
			proxyType = 1;
			remoteGlobalIDString = 49572F931985D09800679771;
			remoteInfo = DockerClient;
		};
/* End PBXContainerItemProxy section */

/* Begin PBXFileReference section */
		49572F941985D09800679771 /* DockerClient.app */ = {isa = PBXFileReference; explicitFileType = wrapper.application; includeInIndex = 0; path = DockerClient.app; sourceTree = BUILT_PRODUCTS_DIR; };
		49572F981985D09800679771 /* Info.plist */ = {isa = PBXFileReference; lastKnownFileType = text.plist.xml; path = Info.plist; sourceTree = "<group>"; };
		49572F991985D09800679771 /* AppDelegate.swift */ = {isa = PBXFileReference; lastKnownFileType = sourcecode.swift; path = AppDelegate.swift; sourceTree = "<group>"; };
		49572F9B1985D09800679771 /* ViewController.swift */ = {isa = PBXFileReference; lastKnownFileType = sourcecode.swift; path = ViewController.swift; sourceTree = "<group>"; };
		49572F9E1985D09800679771 /* Base */ = {isa = PBXFileReference; lastKnownFileType = file.storyboard; name = Base; path = Base.lproj/Main.storyboard; sourceTree = "<group>"; };
		49572FA01985D09800679771 /* Images.xcassets */ = {isa = PBXFileReference; lastKnownFileType = folder.assetcatalog; path = Images.xcassets; sourceTree = "<group>"; };
		49572FA61985D09800679771 /* DockerClientTests.xctest */ = {isa = PBXFileReference; explicitFileType = wrapper.cfbundle; includeInIndex = 0; path = DockerClientTests.xctest; sourceTree = BUILT_PRODUCTS_DIR; };
		49572FAB1985D09800679771 /* Info.plist */ = {isa = PBXFileReference; lastKnownFileType = text.plist.xml; path = Info.plist; sourceTree = "<group>"; };
		49572FAC1985D09800679771 /* DockerClientTests.swift */ = {isa = PBXFileReference; lastKnownFileType = sourcecode.swift; path = DockerClientTests.swift; sourceTree = "<group>"; };
/* End PBXFileReference section */

/* Begin PBXFrameworksBuildPhase section */
		49572F911985D09800679771 /* Frameworks */ = {
			isa = PBXFrameworksBuildPhase;
			buildActionMask = 2147483647;
			files = (
			);
			runOnlyForDeploymentPostprocessing = 0;
		};
		49572FA31985D09800679771 /* Frameworks */ = {
			isa = PBXFrameworksBuildPhase;
			buildActionMask = 2147483647;
			files = (
			);
			runOnlyForDeploymentPostprocessing = 0;
		};
/* End PBXFrameworksBuildPhase section */

/* Begin PBXGroup section */
		49572F8B1985D09700679771 = {
			isa = PBXGroup;
			children = (
				49572F961985D09800679771 /* DockerClient */,
				49572FA91985D09800679771 /* DockerClientTests */,
				49572F951985D09800679771 /* Products */,
			);
			sourceTree = "<group>";
		};
		49572F951985D09800679771 /* Products */ = {
			isa = PBXGroup;
			children = (
				49572F941985D09800679771 /* DockerClient.app */,
				49572FA61985D09800679771 /* DockerClientTests.xctest */,
			);
			name = Products;
			sourceTree = "<group>";
		};
		49572F961985D09800679771 /* DockerClient */ = {
			isa = PBXGroup;
			children = (
				49572F991985D09800679771 /* AppDelegate.swift */,
				49572F9B1985D09800679771 /* ViewController.swift */,
				49572F9D1985D09800679771 /* Main.storyboard */,
				49572FA01985D09800679771 /* Images.xcassets */,
				49572F971985D09800679771 /* Supporting Files */,
			);
			path = DockerClient;
			sourceTree = "<group>";
		};
		49572F971985D09800679771 /* Supporting Files */ = {
			isa = PBXGroup;
			children = (
				49572F981985D09800679771 /* Info.plist */,
			);
			name = "Supporting Files";
			sourceTree = "<group>";
		};
		49572FA91985D09800679771 /* DockerClientTests */ = {
			isa = PBXGroup;
			children = (
				49572FAC1985D09800679771 /* DockerClientTests.swift */,
				49572FAA1985D09800679771 /* Supporting Files */,
			);
			path = DockerClientTests;
			sourceTree = "<group>";
		};
		49572FAA1985D09800679771 /* Supporting Files */ = {
			isa = PBXGroup;
			children = (
				49572FAB1985D09800679771 /* Info.plist */,
			);
			name = "Supporting Files";
			sourceTree = "<group>";
		};
/* End PBXGroup section */

/* Begin PBXNativeTarget section */
		49572F931985D09800679771 /* DockerClient */ = {
			isa = PBXNativeTarget;
			buildConfigurationList = 49572FB01985D09800679771 /* Build configuration list for PBXNativeTarget "DockerClient" */;
			buildPhases = (
				49572F901985D09800679771 /* Sources */,
				49572F911985D09800679771 /* Frameworks */,
				49572F921985D09800679771 /* Resources */,
			);
			buildRules = (
			);
			dependencies = (
			);
			name = DockerClient;
			productName = DockerClient;
			productReference = 49572F941985D09800679771 /* DockerClient.app */;
			productType = "com.apple.product-type.application";
		};
		49572FA51985D09800679771 /* DockerClientTests */ = {
			isa = PBXNativeTarget;
			buildConfigurationList = 49572FB31985D09800679771 /* Build configuration list for PBXNativeTarget "DockerClientTests" */;
			buildPhases = (
				49572FA21985D09800679771 /* Sources */,
				49572FA31985D09800679771 /* Frameworks */,
				49572FA41985D09800679771 /* Resources */,
			);
			buildRules = (
			);
			dependencies = (
				49572FA81985D09800679771 /* PBXTargetDependency */,
			);
			name = DockerClientTests;
			productName = DockerClientTests;
			productReference = 49572FA61985D09800679771 /* DockerClientTests.xctest */;
			productType = "com.apple.product-type.bundle.unit-test";
		};
/* End PBXNativeTarget section */

/* Begin PBXProject section */
		49572F8C1985D09700679771 /* Project object */ = {
			isa = PBXProject;
			attributes = {
				LastUpgradeCheck = 0600;
				ORGANIZATIONNAME = "Andrew Weiss";
				TargetAttributes = {
					49572F931985D09800679771 = {
						CreatedOnToolsVersion = 6.0;
					};
					49572FA51985D09800679771 = {
						CreatedOnToolsVersion = 6.0;
						TestTargetID = 49572F931985D09800679771;
					};
				};
			};
			buildConfigurationList = 49572F8F1985D09700679771 /* Build configuration list for PBXProject "DockerClient" */;
			compatibilityVersion = "Xcode 3.2";
			developmentRegion = English;
			hasScannedForEncodings = 0;
			knownRegions = (
				en,
				Base,
			);
			mainGroup = 49572F8B1985D09700679771;
			productRefGroup = 49572F951985D09800679771 /* Products */;
			projectDirPath = "";
			projectRoot = "";
			targets = (
				49572F931985D09800679771 /* DockerClient */,
				49572FA51985D09800679771 /* DockerClientTests */,
			);
		};
/* End PBXProject section */

/* Begin PBXResourcesBuildPhase section */
		49572F921985D09800679771 /* Resources */ = {
			isa = PBXResourcesBuildPhase;
			buildActionMask = 2147483647;
			files = (
				49572F9F1985D09800679771 /* Main.storyboard in Resources */,
				49572FA11985D09800679771 /* Images.xcassets in Resources */,
			);
			runOnlyForDeploymentPostprocessing = 0;
		};
		49572FA41985D09800679771 /* Resources */ = {
			isa = PBXResourcesBuildPhase;
			buildActionMask = 2147483647;
			files = (
			);
			runOnlyForDeploymentPostprocessing = 0;
		};
/* End PBXResourcesBuildPhase section */

/* Begin PBXSourcesBuildPhase section */
		49572F901985D09800679771 /* Sources */ = {
			isa = PBXSourcesBuildPhase;
			buildActionMask = 2147483647;
			files = (
				49572F9C1985D09800679771 /* ViewController.swift in Sources */,
				49572F9A1985D09800679771 /* AppDelegate.swift in Sources */,
			);
			runOnlyForDeploymentPostprocessing = 0;
		};
		49572FA21985D09800679771 /* Sources */ = {
			isa = PBXSourcesBuildPhase;
			buildActionMask = 2147483647;
			files = (
				49572FAD1985D09800679771 /* DockerClientTests.swift in Sources */,
			);
			runOnlyForDeploymentPostprocessing = 0;
		};
/* End PBXSourcesBuildPhase section */

/* Begin PBXTargetDependency section */
		49572FA81985D09800679771 /* PBXTargetDependency */ = {
			isa = PBXTargetDependency;
			target = 49572F931985D09800679771 /* DockerClient */;
			targetProxy = 49572FA71985D09800679771 /* PBXContainerItemProxy */;
		};
/* End PBXTargetDependency section */

/* Begin PBXVariantGroup section */
		49572F9D1985D09800679771 /* Main.storyboard */ = {
			isa = PBXVariantGroup;
			children = (
				49572F9E1985D09800679771 /* Base */,
			);
			name = Main.storyboard;
			sourceTree = "<group>";
		};
/* End PBXVariantGroup section */

/* Begin XCBuildConfiguration section */
		49572FAE1985D09800679771 /* Debug */ = {
			isa = XCBuildConfiguration;
			buildSettings = {
				ALWAYS_SEARCH_USER_PATHS = NO;
				CLANG_CXX_LANGUAGE_STANDARD = "gnu++0x";
				CLANG_CXX_LIBRARY = "libc++";
				CLANG_ENABLE_MODULES = YES;
				CLANG_ENABLE_OBJC_ARC = YES;
				CLANG_WARN_BOOL_CONVERSION = YES;
				CLANG_WARN_CONSTANT_CONVERSION = YES;
				CLANG_WARN_DIRECT_OBJC_ISA_USAGE = YES_ERROR;
				CLANG_WARN_EMPTY_BODY = YES;
				CLANG_WARN_ENUM_CONVERSION = YES;
				CLANG_WARN_INT_CONVERSION = YES;
				CLANG_WARN_OBJC_ROOT_CLASS = YES_ERROR;
				CLANG_WARN_UNREACHABLE_CODE = YES;
				CLANG_WARN__DUPLICATE_METHOD_MATCH = YES;
				"CODE_SIGN_IDENTITY[sdk=iphoneos*]" = "iPhone Developer";
				COPY_PHASE_STRIP = NO;
				ENABLE_STRICT_OBJC_MSGSEND = YES;
				GCC_C_LANGUAGE_STANDARD = gnu99;
				GCC_DYNAMIC_NO_PIC = NO;
				GCC_OPTIMIZATION_LEVEL = 0;
				GCC_PREPROCESSOR_DEFINITIONS = (
					"DEBUG=1",
					"$(inherited)",
				);
				GCC_SYMBOLS_PRIVATE_EXTERN = NO;
				GCC_WARN_64_TO_32_BIT_CONVERSION = YES;
				GCC_WARN_ABOUT_RETURN_TYPE = YES_ERROR;
				GCC_WARN_UNDECLARED_SELECTOR = YES;
				GCC_WARN_UNINITIALIZED_AUTOS = YES_AGGRESSIVE;
				GCC_WARN_UNUSED_FUNCTION = YES;
				GCC_WARN_UNUSED_VARIABLE = YES;
				IPHONEOS_DEPLOYMENT_TARGET = 8.0;
				MTL_ENABLE_DEBUG_INFO = YES;
				ONLY_ACTIVE_ARCH = YES;
				SDKROOT = iphoneos;
				SWIFT_OPTIMIZATION_LEVEL = "-Onone";
			};
			name = Debug;
		};
		49572FAF1985D09800679771 /* Release */ = {
			isa = XCBuildConfiguration;
			buildSettings = {
				ALWAYS_SEARCH_USER_PATHS = NO;
				CLANG_CXX_LANGUAGE_STANDARD = "gnu++0x";
				CLANG_CXX_LIBRARY = "libc++";
				CLANG_ENABLE_MODULES = YES;
				CLANG_ENABLE_OBJC_ARC = YES;
				CLANG_WARN_BOOL_CONVERSION = YES;
				CLANG_WARN_CONSTANT_CONVERSION = YES;
				CLANG_WARN_DIRECT_OBJC_ISA_USAGE = YES_ERROR;
				CLANG_WARN_EMPTY_BODY = YES;
				CLANG_WARN_ENUM_CONVERSION = YES;
				CLANG_WARN_INT_CONVERSION = YES;
				CLANG_WARN_OBJC_ROOT_CLASS = YES_ERROR;
				CLANG_WARN_UNREACHABLE_CODE = YES;
				CLANG_WARN__DUPLICATE_METHOD_MATCH = YES;
				"CODE_SIGN_IDENTITY[sdk=iphoneos*]" = "iPhone Developer";
				COPY_PHASE_STRIP = YES;
				ENABLE_NS_ASSERTIONS = NO;
				ENABLE_STRICT_OBJC_MSGSEND = YES;
				GCC_C_LANGUAGE_STANDARD = gnu99;
				GCC_WARN_64_TO_32_BIT_CONVERSION = YES;
				GCC_WARN_ABOUT_RETURN_TYPE = YES_ERROR;
				GCC_WARN_UNDECLARED_SELECTOR = YES;
				GCC_WARN_UNINITIALIZED_AUTOS = YES_AGGRESSIVE;
				GCC_WARN_UNUSED_FUNCTION = YES;
				GCC_WARN_UNUSED_VARIABLE = YES;
				IPHONEOS_DEPLOYMENT_TARGET = 8.0;
				MTL_ENABLE_DEBUG_INFO = NO;
				SDKROOT = iphoneos;
				VALIDATE_PRODUCT = YES;
			};
			name = Release;
		};
		49572FB11985D09800679771 /* Debug */ = {
			isa = XCBuildConfiguration;
			buildSettings = {
				ASSETCATALOG_COMPILER_APPICON_NAME = AppIcon;
				ASSETCATALOG_COMPILER_LAUNCHIMAGE_NAME = LaunchImage;
				INFOPLIST_FILE = DockerClient/Info.plist;
				LD_RUNPATH_SEARCH_PATHS = "$(inherited) @executable_path/Frameworks";
				PRODUCT_NAME = "$(TARGET_NAME)";
			};
			name = Debug;
		};
		49572FB21985D09800679771 /* Release */ = {
			isa = XCBuildConfiguration;
			buildSettings = {
				ASSETCATALOG_COMPILER_APPICON_NAME = AppIcon;
				ASSETCATALOG_COMPILER_LAUNCHIMAGE_NAME = LaunchImage;
				INFOPLIST_FILE = DockerClient/Info.plist;
				LD_RUNPATH_SEARCH_PATHS = "$(inherited) @executable_path/Frameworks";
				PRODUCT_NAME = "$(TARGET_NAME)";
			};
			name = Release;
		};
		49572FB41985D09800679771 /* Debug */ = {
			isa = XCBuildConfiguration;
			buildSettings = {
				BUNDLE_LOADER = "$(BUILT_PRODUCTS_DIR)/DockerClient.app/DockerClient";
				FRAMEWORK_SEARCH_PATHS = (
					"$(SDKROOT)/Developer/Library/Frameworks",
					"$(inherited)",
				);
				GCC_PREPROCESSOR_DEFINITIONS = (
					"DEBUG=1",
					"$(inherited)",
				);
				INFOPLIST_FILE = DockerClientTests/Info.plist;
				LD_RUNPATH_SEARCH_PATHS = "$(inherited) @executable_path/Frameworks @loader_path/Frameworks";
				PRODUCT_NAME = "$(TARGET_NAME)";
				TEST_HOST = "$(BUNDLE_LOADER)";
			};
			name = Debug;
		};
		49572FB51985D09800679771 /* Release */ = {
			isa = XCBuildConfiguration;
			buildSettings = {
				BUNDLE_LOADER = "$(BUILT_PRODUCTS_DIR)/DockerClient.app/DockerClient";
				FRAMEWORK_SEARCH_PATHS = (
					"$(SDKROOT)/Developer/Library/Frameworks",
					"$(inherited)",
				);
				INFOPLIST_FILE = DockerClientTests/Info.plist;
				LD_RUNPATH_SEARCH_PATHS = "$(inherited) @executable_path/Frameworks @loader_path/Frameworks";
				PRODUCT_NAME = "$(TARGET_NAME)";
				TEST_HOST = "$(BUNDLE_LOADER)";
			};
			name = Release;
		};
/* End XCBuildConfiguration section */

/* Begin XCConfigurationList section */
		49572F8F1985D09700679771 /* Build configuration list for PBXProject "DockerClient" */ = {
			isa = XCConfigurationList;
			buildConfigurations = (
				49572FAE1985D09800679771 /* Debug */,
				49572FAF1985D09800679771 /* Release */,
			);
			defaultConfigurationIsVisible = 0;
			defaultConfigurationName = Release;
		};
		49572FB01985D09800679771 /* Build configuration list for PBXNativeTarget "DockerClient" */ = {
			isa = XCConfigurationList;
			buildConfigurations = (
				49572FB11985D09800679771 /* Debug */,
				49572FB21985D09800679771 /* Release */,
			);
			defaultConfigurationIsVisible = 0;
		};
		49572FB31985D09800679771 /* Build configuration list for PBXNativeTarget "DockerClientTests" */ = {
			isa = XCConfigurationList;
			buildConfigurations = (
				49572FB41985D09800679771 /* Debug */,
				49572FB51985D09800679771 /* Release */,
			);
			defaultConfigurationIsVisible = 0;
		};
/* End XCConfigurationList section */
	};
	rootObject = 49572F8C1985D09700679771 /* Project object */;
}
